version: 6
environments:
  default:
    channels:
    - url: https://conda.anaconda.org/conda-forge/
    - url: https://conda.modular.com/max/
    packages:
      linux-64:
      - conda: https://conda.anaconda.org/conda-forge/linux-64/_libgcc_mutex-0.1-conda_forge.tar.bz2
      - conda: https://conda.anaconda.org/conda-forge/linux-64/_openmp_mutex-4.5-2_gnu.tar.bz2
      - conda: https://conda.anaconda.org/conda-forge/noarch/_python_abi3_support-1.0-hd8ed1ab_2.conda
      - conda: https://conda.anaconda.org/conda-forge/linux-64/bzip2-1.0.8-hda65f42_8.conda
      - conda: https://conda.anaconda.org/conda-forge/noarch/ca-certificates-2025.8.3-hbd8a1cb_0.conda
      - conda: https://conda.anaconda.org/conda-forge/noarch/click-8.3.0-pyh707e725_0.conda
      - conda: https://conda.anaconda.org/conda-forge/noarch/cpython-3.13.7-py313hd8ed1ab_100.conda
      - conda: https://conda.anaconda.org/conda-forge/linux-64/icu-75.1-he02047a_0.conda
      - conda: https://conda.anaconda.org/conda-forge/noarch/importlib-metadata-8.7.0-pyhe01879c_1.conda
      - conda: https://conda.anaconda.org/conda-forge/noarch/jupyter_client-8.6.3-pyhd8ed1ab_1.conda
      - conda: https://conda.anaconda.org/conda-forge/noarch/jupyter_core-5.8.1-pyh31011fe_0.conda
      - conda: https://conda.anaconda.org/conda-forge/linux-64/keyutils-1.6.3-hb9d3cd8_0.conda
      - conda: https://conda.anaconda.org/conda-forge/linux-64/krb5-1.21.3-h659f571_0.conda
      - conda: https://conda.anaconda.org/conda-forge/linux-64/ld_impl_linux-64-2.44-h1423503_1.conda
      - conda: https://conda.anaconda.org/conda-forge/linux-64/libduckdb-1.3.2-h8eb67b4_2.conda
      - conda: https://conda.anaconda.org/conda-forge/linux-64/libedit-3.1.20250104-pl5321h7949ede_0.conda
      - conda: https://conda.anaconda.org/conda-forge/linux-64/libexpat-2.7.1-hecca717_0.conda
      - conda: https://conda.anaconda.org/conda-forge/linux-64/libffi-3.4.6-h2dba641_1.conda
      - conda: https://conda.anaconda.org/conda-forge/linux-64/libgcc-15.1.0-h767d61c_5.conda
      - conda: https://conda.anaconda.org/conda-forge/linux-64/libgcc-ng-15.1.0-h69a702a_5.conda
      - conda: https://conda.anaconda.org/conda-forge/linux-64/libgomp-15.1.0-h767d61c_5.conda
      - conda: https://conda.anaconda.org/conda-forge/linux-64/liblzma-5.8.1-hb9d3cd8_2.conda
      - conda: https://conda.anaconda.org/conda-forge/linux-64/libmpdec-4.0.0-hb9d3cd8_0.conda
      - conda: https://conda.anaconda.org/conda-forge/linux-64/libsodium-1.0.20-h4ab18f5_0.conda
      - conda: https://conda.anaconda.org/conda-forge/linux-64/libsqlite-3.50.4-h0c1763c_0.conda
      - conda: https://conda.anaconda.org/conda-forge/linux-64/libstdcxx-15.1.0-h8f9b012_5.conda
      - conda: https://conda.anaconda.org/conda-forge/linux-64/libstdcxx-ng-15.1.0-h4852527_5.conda
      - conda: https://conda.anaconda.org/conda-forge/linux-64/libuuid-2.41.2-he9a06e4_0.conda
      - conda: https://conda.anaconda.org/conda-forge/linux-64/libzlib-1.3.1-hb9d3cd8_2.conda
      - conda: https://conda.modular.com/max/noarch/mblack-25.6.0-release.conda
      - conda: https://conda.modular.com/max/linux-64/mojo-0.25.6.0-release.conda
      - conda: https://conda.modular.com/max/linux-64/mojo-compiler-0.25.6.0-release.conda
      - conda: https://conda.modular.com/max/noarch/mojo-python-0.25.6.0-release.conda
      - conda: https://conda.anaconda.org/conda-forge/noarch/mypy_extensions-1.1.0-pyha770c72_0.conda
      - conda: https://conda.anaconda.org/conda-forge/linux-64/ncurses-6.5-h2d0b736_3.conda
      - conda: https://conda.anaconda.org/conda-forge/linux-64/openssl-3.5.3-h26f9b46_1.conda
      - conda: https://conda.anaconda.org/conda-forge/noarch/packaging-25.0-pyh29332c3_1.conda
      - conda: https://conda.anaconda.org/conda-forge/noarch/pathspec-0.12.1-pyhd8ed1ab_1.conda
      - conda: https://conda.anaconda.org/conda-forge/noarch/platformdirs-4.4.0-pyhcf101f3_0.conda
      - conda: https://conda.anaconda.org/conda-forge/linux-64/python-3.13.7-h2b335a9_100_cp313.conda
      - conda: https://conda.anaconda.org/conda-forge/noarch/python-dateutil-2.9.0.post0-pyhe01879c_2.conda
      - conda: https://conda.anaconda.org/conda-forge/noarch/python-gil-3.13.7-h4df99d1_100.conda
      - conda: https://conda.anaconda.org/conda-forge/noarch/python_abi-3.13-8_cp313.conda
      - conda: https://conda.anaconda.org/conda-forge/linux-64/pyzmq-27.1.0-py312hfb55c3c_0.conda
      - conda: https://conda.anaconda.org/conda-forge/linux-64/readline-8.2-h8c095d6_2.conda
      - conda: https://conda.anaconda.org/conda-forge/noarch/six-1.17.0-pyhe01879c_1.conda
      - conda: https://conda.anaconda.org/conda-forge/linux-64/tk-8.6.13-noxft_hd72426e_102.conda
      - conda: https://conda.anaconda.org/conda-forge/noarch/tomli-2.2.1-pyhe01879c_2.conda
      - conda: https://conda.anaconda.org/conda-forge/linux-64/tornado-6.5.2-py313h07c4f96_1.conda
      - conda: https://conda.anaconda.org/conda-forge/noarch/traitlets-5.14.3-pyhd8ed1ab_1.conda
      - conda: https://conda.anaconda.org/conda-forge/noarch/typing_extensions-4.15.0-pyhcf101f3_0.conda
      - conda: https://conda.anaconda.org/conda-forge/noarch/tzdata-2025b-h78e105d_0.conda
      - conda: https://conda.anaconda.org/conda-forge/linux-64/zeromq-4.3.5-h387f397_9.conda
      - conda: https://conda.anaconda.org/conda-forge/noarch/zipp-3.23.0-pyhd8ed1ab_0.conda
      osx-arm64:
      - conda: https://conda.anaconda.org/conda-forge/noarch/_python_abi3_support-1.0-hd8ed1ab_2.conda
      - conda: https://conda.anaconda.org/conda-forge/osx-arm64/bzip2-1.0.8-hd037594_8.conda
      - conda: https://conda.anaconda.org/conda-forge/noarch/ca-certificates-2025.8.3-hbd8a1cb_0.conda
      - conda: https://conda.anaconda.org/conda-forge/noarch/click-8.3.0-pyh707e725_0.conda
      - conda: https://conda.anaconda.org/conda-forge/noarch/cpython-3.13.7-py313hd8ed1ab_100.conda
      - conda: https://conda.anaconda.org/conda-forge/osx-arm64/icu-75.1-hfee45f7_0.conda
      - conda: https://conda.anaconda.org/conda-forge/noarch/importlib-metadata-8.7.0-pyhe01879c_1.conda
      - conda: https://conda.anaconda.org/conda-forge/noarch/jupyter_client-8.6.3-pyhd8ed1ab_1.conda
      - conda: https://conda.anaconda.org/conda-forge/noarch/jupyter_core-5.8.1-pyh31011fe_0.conda
      - conda: https://conda.anaconda.org/conda-forge/osx-arm64/krb5-1.21.3-h237132a_0.conda
      - conda: https://conda.anaconda.org/conda-forge/osx-arm64/libcxx-21.1.1-hf598326_0.conda
      - conda: https://conda.anaconda.org/conda-forge/osx-arm64/libduckdb-1.3.2-h8fa3487_2.conda
      - conda: https://conda.anaconda.org/conda-forge/osx-arm64/libedit-3.1.20250104-pl5321hafb1f1b_0.conda
      - conda: https://conda.anaconda.org/conda-forge/osx-arm64/libexpat-2.7.1-hec049ff_0.conda
      - conda: https://conda.anaconda.org/conda-forge/osx-arm64/libffi-3.4.6-h1da3d7d_1.conda
      - conda: https://conda.anaconda.org/conda-forge/osx-arm64/liblzma-5.8.1-h39f12f2_2.conda
      - conda: https://conda.anaconda.org/conda-forge/osx-arm64/libmpdec-4.0.0-h5505292_0.conda
      - conda: https://conda.anaconda.org/conda-forge/osx-arm64/libsodium-1.0.20-h99b78c6_0.conda
      - conda: https://conda.anaconda.org/conda-forge/osx-arm64/libsqlite-3.50.4-h4237e3c_0.conda
      - conda: https://conda.anaconda.org/conda-forge/osx-arm64/libzlib-1.3.1-h8359307_2.conda
      - conda: https://conda.modular.com/max/noarch/mblack-25.6.0-release.conda
      - conda: https://conda.modular.com/max/osx-arm64/mojo-0.25.6.0-release.conda
      - conda: https://conda.modular.com/max/osx-arm64/mojo-compiler-0.25.6.0-release.conda
      - conda: https://conda.modular.com/max/noarch/mojo-python-0.25.6.0-release.conda
      - conda: https://conda.anaconda.org/conda-forge/noarch/mypy_extensions-1.1.0-pyha770c72_0.conda
      - conda: https://conda.anaconda.org/conda-forge/osx-arm64/ncurses-6.5-h5e97a16_3.conda
      - conda: https://conda.anaconda.org/conda-forge/osx-arm64/openssl-3.5.3-h5503f6c_1.conda
      - conda: https://conda.anaconda.org/conda-forge/noarch/packaging-25.0-pyh29332c3_1.conda
      - conda: https://conda.anaconda.org/conda-forge/noarch/pathspec-0.12.1-pyhd8ed1ab_1.conda
      - conda: https://conda.anaconda.org/conda-forge/noarch/platformdirs-4.4.0-pyhcf101f3_0.conda
      - conda: https://conda.anaconda.org/conda-forge/osx-arm64/python-3.13.7-h5c937ed_100_cp313.conda
      - conda: https://conda.anaconda.org/conda-forge/noarch/python-dateutil-2.9.0.post0-pyhe01879c_2.conda
      - conda: https://conda.anaconda.org/conda-forge/noarch/python-gil-3.13.7-h4df99d1_100.conda
      - conda: https://conda.anaconda.org/conda-forge/noarch/python_abi-3.13-8_cp313.conda
      - conda: https://conda.anaconda.org/conda-forge/osx-arm64/pyzmq-27.1.0-py312hd65ceae_0.conda
      - conda: https://conda.anaconda.org/conda-forge/osx-arm64/readline-8.2-h1d1bf99_2.conda
      - conda: https://conda.anaconda.org/conda-forge/noarch/six-1.17.0-pyhe01879c_1.conda
      - conda: https://conda.anaconda.org/conda-forge/osx-arm64/tk-8.6.13-h892fb3f_2.conda
      - conda: https://conda.anaconda.org/conda-forge/noarch/tomli-2.2.1-pyhe01879c_2.conda
      - conda: https://conda.anaconda.org/conda-forge/osx-arm64/tornado-6.5.2-py313hcdf3177_1.conda
      - conda: https://conda.anaconda.org/conda-forge/noarch/traitlets-5.14.3-pyhd8ed1ab_1.conda
      - conda: https://conda.anaconda.org/conda-forge/noarch/typing_extensions-4.15.0-pyhcf101f3_0.conda
      - conda: https://conda.anaconda.org/conda-forge/noarch/tzdata-2025b-h78e105d_0.conda
      - conda: https://conda.anaconda.org/conda-forge/osx-arm64/zeromq-4.3.5-h888dc83_9.conda
      - conda: https://conda.anaconda.org/conda-forge/noarch/zipp-3.23.0-pyhd8ed1ab_0.conda
packages:
- conda: https://conda.anaconda.org/conda-forge/linux-64/_libgcc_mutex-0.1-conda_forge.tar.bz2
  sha256: fe51de6107f9edc7aa4f786a70f4a883943bc9d39b3bb7307c04c41410990726
  md5: d7c89558ba9fa0495403155b64376d81
  license: None
  size: 2562
  timestamp: 1578324546067
- conda: https://conda.anaconda.org/conda-forge/linux-64/_openmp_mutex-4.5-2_gnu.tar.bz2
  build_number: 16
  sha256: fbe2c5e56a653bebb982eda4876a9178aedfc2b545f25d0ce9c4c0b508253d22
  md5: 73aaf86a425cc6e73fcf236a5a46396d
  depends:
  - _libgcc_mutex 0.1 conda_forge
  - libgomp >=7.5.0
  constrains:
  - openmp_impl 9999
  license: BSD-3-Clause
  license_family: BSD
  size: 23621
  timestamp: 1650670423406
- conda: https://conda.anaconda.org/conda-forge/noarch/_python_abi3_support-1.0-hd8ed1ab_2.conda
  sha256: a3967b937b9abf0f2a99f3173fa4630293979bd1644709d89580e7c62a544661
  md5: aaa2a381ccc56eac91d63b6c1240312f
  depends:
  - cpython
  - python-gil
  license: MIT
  license_family: MIT
  size: 8191
  timestamp: 1744137672556
- conda: https://conda.anaconda.org/conda-forge/linux-64/bzip2-1.0.8-hda65f42_8.conda
  sha256: c30daba32ddebbb7ded490f0e371eae90f51e72db620554089103b4a6934b0d5
  md5: 51a19bba1b8ebfb60df25cde030b7ebc
  depends:
  - __glibc >=2.17,<3.0.a0
  - libgcc >=14
  license: bzip2-1.0.6
  license_family: BSD
  size: 260341
  timestamp: 1757437258798
- conda: https://conda.anaconda.org/conda-forge/osx-arm64/bzip2-1.0.8-hd037594_8.conda
  sha256: b456200636bd5fecb2bec63f7e0985ad2097cf1b83d60ce0b6968dffa6d02aa1
  md5: 58fd217444c2a5701a44244faf518206
  depends:
  - __osx >=11.0
  license: bzip2-1.0.6
  license_family: BSD
  size: 125061
  timestamp: 1757437486465
- conda: https://conda.anaconda.org/conda-forge/noarch/ca-certificates-2025.8.3-hbd8a1cb_0.conda
  sha256: 837b795a2bb39b75694ba910c13c15fa4998d4bb2a622c214a6a5174b2ae53d1
  md5: 74784ee3d225fc3dca89edb635b4e5cc
  depends:
  - __unix
  license: ISC
  size: 154402
  timestamp: 1754210968730
- conda: https://conda.anaconda.org/conda-forge/noarch/click-8.3.0-pyh707e725_0.conda
  sha256: c6567ebc27c4c071a353acaf93eb82bb6d9a6961e40692a359045a89a61d02c0
  md5: e76c4ba9e1837847679421b8d549b784
  depends:
  - __unix
  - python >=3.10
  license: BSD-3-Clause
  license_family: BSD
  size: 91622
  timestamp: 1758270534287
- conda: https://conda.anaconda.org/conda-forge/noarch/cpython-3.13.7-py313hd8ed1ab_100.conda
  noarch: generic
  sha256: e9ac20662d1c97ef96e44751a78c0057ec308f7cc208ef1fbdc868993c9f5eb3
  md5: c5623ddbd37c5dafa7754a83f97de01e
  depends:
  - python >=3.13,<3.14.0a0
  - python_abi * *_cp313
  license: Python-2.0
  size: 48174
  timestamp: 1756909387263
- conda: https://conda.anaconda.org/conda-forge/linux-64/icu-75.1-he02047a_0.conda
  sha256: 71e750d509f5fa3421087ba88ef9a7b9be11c53174af3aa4d06aff4c18b38e8e
  md5: 8b189310083baabfb622af68fd9d3ae3
  depends:
  - __glibc >=2.17,<3.0.a0
  - libgcc-ng >=12
  - libstdcxx-ng >=12
  license: MIT
  license_family: MIT
  size: 12129203
  timestamp: 1720853576813
- conda: https://conda.anaconda.org/conda-forge/osx-arm64/icu-75.1-hfee45f7_0.conda
  sha256: 9ba12c93406f3df5ab0a43db8a4b4ef67a5871dfd401010fbe29b218b2cbe620
  md5: 5eb22c1d7b3fc4abb50d92d621583137
  depends:
  - __osx >=11.0
  license: MIT
  license_family: MIT
  size: 11857802
  timestamp: 1720853997952
- conda: https://conda.anaconda.org/conda-forge/noarch/importlib-metadata-8.7.0-pyhe01879c_1.conda
  sha256: c18ab120a0613ada4391b15981d86ff777b5690ca461ea7e9e49531e8f374745
  md5: 63ccfdc3a3ce25b027b8767eb722fca8
  depends:
  - python >=3.9
  - zipp >=3.20
  - python
  license: Apache-2.0
  license_family: APACHE
  size: 34641
  timestamp: 1747934053147
- conda: https://conda.anaconda.org/conda-forge/noarch/jupyter_client-8.6.3-pyhd8ed1ab_1.conda
  sha256: 19d8bd5bb2fde910ec59e081eeb59529491995ce0d653a5209366611023a0b3a
  md5: 4ebae00eae9705b0c3d6d1018a81d047
  depends:
  - importlib-metadata >=4.8.3
  - jupyter_core >=4.12,!=5.0.*
  - python >=3.9
  - python-dateutil >=2.8.2
  - pyzmq >=23.0
  - tornado >=6.2
  - traitlets >=5.3
  license: BSD-3-Clause
  license_family: BSD
  size: 106342
  timestamp: 1733441040958
- conda: https://conda.anaconda.org/conda-forge/noarch/jupyter_core-5.8.1-pyh31011fe_0.conda
  sha256: 56a7a7e907f15cca8c4f9b0c99488276d4cb10821d2d15df9245662184872e81
  md5: b7d89d860ebcda28a5303526cdee68ab
  depends:
  - __unix
  - platformdirs >=2.5
  - python >=3.8
  - traitlets >=5.3
  license: BSD-3-Clause
  license_family: BSD
  size: 59562
  timestamp: 1748333186063
- conda: https://conda.anaconda.org/conda-forge/linux-64/keyutils-1.6.3-hb9d3cd8_0.conda
  sha256: 0960d06048a7185d3542d850986d807c6e37ca2e644342dd0c72feefcf26c2a4
  md5: b38117a3c920364aff79f870c984b4a3
  depends:
  - __glibc >=2.17,<3.0.a0
  - libgcc >=13
  license: LGPL-2.1-or-later
  size: 134088
  timestamp: 1754905959823
- conda: https://conda.anaconda.org/conda-forge/linux-64/krb5-1.21.3-h659f571_0.conda
  sha256: 99df692f7a8a5c27cd14b5fb1374ee55e756631b9c3d659ed3ee60830249b238
  md5: 3f43953b7d3fb3aaa1d0d0723d91e368
  depends:
  - keyutils >=1.6.1,<2.0a0
  - libedit >=3.1.20191231,<3.2.0a0
  - libedit >=3.1.20191231,<4.0a0
  - libgcc-ng >=12
  - libstdcxx-ng >=12
  - openssl >=3.3.1,<4.0a0
  license: MIT
  license_family: MIT
  size: 1370023
  timestamp: 1719463201255
- conda: https://conda.anaconda.org/conda-forge/osx-arm64/krb5-1.21.3-h237132a_0.conda
  sha256: 4442f957c3c77d69d9da3521268cad5d54c9033f1a73f99cde0a3658937b159b
  md5: c6dc8a0fdec13a0565936655c33069a1
  depends:
  - __osx >=11.0
  - libcxx >=16
  - libedit >=3.1.20191231,<3.2.0a0
  - libedit >=3.1.20191231,<4.0a0
  - openssl >=3.3.1,<4.0a0
  license: MIT
  license_family: MIT
  size: 1155530
  timestamp: 1719463474401
- conda: https://conda.anaconda.org/conda-forge/linux-64/ld_impl_linux-64-2.44-h1423503_1.conda
  sha256: 1a620f27d79217c1295049ba214c2f80372062fd251b569e9873d4a953d27554
  md5: 0be7c6e070c19105f966d3758448d018
  depends:
  - __glibc >=2.17,<3.0.a0
  constrains:
  - binutils_impl_linux-64 2.44
  license: GPL-3.0-only
  license_family: GPL
  size: 676044
  timestamp: 1752032747103
- conda: https://conda.anaconda.org/conda-forge/osx-arm64/libcxx-21.1.1-hf598326_0.conda
  sha256: 6af03355967b7b097d5820dde05e0c709945fdb01f4bc56d11499d8bf7435239
  md5: d5790f3769fedeea4e021483272bdc53
  depends:
  - __osx >=11.0
  license: Apache-2.0 WITH LLVM-exception
  license_family: Apache
  size: 568291
  timestamp: 1757525671408
- conda: https://conda.anaconda.org/conda-forge/linux-64/libduckdb-1.3.2-h8eb67b4_2.conda
  sha256: 61e18636162c6fd84ef6f5ce4c57c135f8f39bb356d46e6653b88c5bc8614aca
  md5: c06d485b4533989299b23ebd500e5c72
  depends:
  - __glibc >=2.17,<3.0.a0
  - icu >=75.1,<76.0a0
  - libgcc >=14
  - libstdcxx >=14
  - openssl >=3.5.1,<4.0a0
  license: MIT
  license_family: MIT
  size: 12651356
  timestamp: 1753702428912
- conda: https://conda.anaconda.org/conda-forge/osx-arm64/libduckdb-1.3.2-h8fa3487_2.conda
  sha256: 9970e011c83da35271b5cf187c4caf01187c0cc7d798338a5305c30ef063814e
  md5: aba593d939b9138a31c49473bf0266cf
  depends:
  - __osx >=11.0
  - icu >=75.1,<76.0a0
  - libcxx >=19
  - openssl >=3.5.1,<4.0a0
  license: MIT
  license_family: MIT
  size: 8279758
  timestamp: 1753701838776
- conda: https://conda.anaconda.org/conda-forge/linux-64/libedit-3.1.20250104-pl5321h7949ede_0.conda
  sha256: d789471216e7aba3c184cd054ed61ce3f6dac6f87a50ec69291b9297f8c18724
  md5: c277e0a4d549b03ac1e9d6cbbe3d017b
  depends:
  - ncurses
  - __glibc >=2.17,<3.0.a0
  - libgcc >=13
  - ncurses >=6.5,<7.0a0
  license: BSD-2-Clause
  license_family: BSD
  size: 134676
  timestamp: 1738479519902
- conda: https://conda.anaconda.org/conda-forge/osx-arm64/libedit-3.1.20250104-pl5321hafb1f1b_0.conda
  sha256: 66aa216a403de0bb0c1340a88d1a06adaff66bae2cfd196731aa24db9859d631
  md5: 44083d2d2c2025afca315c7a172eab2b
  depends:
  - ncurses
  - __osx >=11.0
  - ncurses >=6.5,<7.0a0
  license: BSD-2-Clause
  license_family: BSD
  size: 107691
  timestamp: 1738479560845
- conda: https://conda.anaconda.org/conda-forge/linux-64/libexpat-2.7.1-hecca717_0.conda
  sha256: da2080da8f0288b95dd86765c801c6e166c4619b910b11f9a8446fb852438dc2
  md5: 4211416ecba1866fab0c6470986c22d6
  depends:
  - __glibc >=2.17,<3.0.a0
  - libgcc >=14
  constrains:
  - expat 2.7.1.*
  license: MIT
  license_family: MIT
  size: 74811
  timestamp: 1752719572741
- conda: https://conda.anaconda.org/conda-forge/osx-arm64/libexpat-2.7.1-hec049ff_0.conda
  sha256: 8fbb17a56f51e7113ed511c5787e0dec0d4b10ef9df921c4fd1cccca0458f648
  md5: b1ca5f21335782f71a8bd69bdc093f67
  depends:
  - __osx >=11.0
  constrains:
  - expat 2.7.1.*
  license: MIT
  license_family: MIT
  size: 65971
  timestamp: 1752719657566
- conda: https://conda.anaconda.org/conda-forge/linux-64/libffi-3.4.6-h2dba641_1.conda
  sha256: 764432d32db45466e87f10621db5b74363a9f847d2b8b1f9743746cd160f06ab
  md5: ede4673863426c0883c0063d853bbd85
  depends:
  - __glibc >=2.17,<3.0.a0
  - libgcc >=13
  license: MIT
  license_family: MIT
  size: 57433
  timestamp: 1743434498161
- conda: https://conda.anaconda.org/conda-forge/osx-arm64/libffi-3.4.6-h1da3d7d_1.conda
  sha256: c6a530924a9b14e193ea9adfe92843de2a806d1b7dbfd341546ece9653129e60
  md5: c215a60c2935b517dcda8cad4705734d
  depends:
  - __osx >=11.0
  license: MIT
  license_family: MIT
  size: 39839
  timestamp: 1743434670405
- conda: https://conda.anaconda.org/conda-forge/linux-64/libgcc-15.1.0-h767d61c_5.conda
  sha256: 0caed73aac3966bfbf5710e06c728a24c6c138605121a3dacb2e03440e8baa6a
  md5: 264fbfba7fb20acf3b29cde153e345ce
  depends:
  - __glibc >=2.17,<3.0.a0
  - _openmp_mutex >=4.5
  constrains:
  - libgomp 15.1.0 h767d61c_5
  - libgcc-ng ==15.1.0=*_5
  license: GPL-3.0-only WITH GCC-exception-3.1
  license_family: GPL
  size: 824191
  timestamp: 1757042543820
- conda: https://conda.anaconda.org/conda-forge/linux-64/libgcc-ng-15.1.0-h69a702a_5.conda
  sha256: f54bb9c3be12b24be327f4c1afccc2969712e0b091cdfbd1d763fb3e61cda03f
  md5: 069afdf8ea72504e48d23ae1171d951c
  depends:
  - libgcc 15.1.0 h767d61c_5
  license: GPL-3.0-only WITH GCC-exception-3.1
  license_family: GPL
  size: 29187
  timestamp: 1757042549554
- conda: https://conda.anaconda.org/conda-forge/linux-64/libgomp-15.1.0-h767d61c_5.conda
  sha256: 125051d51a8c04694d0830f6343af78b556dd88cc249dfec5a97703ebfb1832d
  md5: dcd5ff1940cd38f6df777cac86819d60
  depends:
  - __glibc >=2.17,<3.0.a0
  license: GPL-3.0-only WITH GCC-exception-3.1
  license_family: GPL
  size: 447215
  timestamp: 1757042483384
- conda: https://conda.anaconda.org/conda-forge/linux-64/liblzma-5.8.1-hb9d3cd8_2.conda
  sha256: f2591c0069447bbe28d4d696b7fcb0c5bd0b4ac582769b89addbcf26fb3430d8
  md5: 1a580f7796c7bf6393fddb8bbbde58dc
  depends:
  - __glibc >=2.17,<3.0.a0
  - libgcc >=13
  constrains:
  - xz 5.8.1.*
  license: 0BSD
  size: 112894
  timestamp: 1749230047870
- conda: https://conda.anaconda.org/conda-forge/osx-arm64/liblzma-5.8.1-h39f12f2_2.conda
  sha256: 0cb92a9e026e7bd4842f410a5c5c665c89b2eb97794ffddba519a626b8ce7285
  md5: d6df911d4564d77c4374b02552cb17d1
  depends:
  - __osx >=11.0
  constrains:
  - xz 5.8.1.*
  license: 0BSD
  size: 92286
  timestamp: 1749230283517
- conda: https://conda.anaconda.org/conda-forge/linux-64/libmpdec-4.0.0-hb9d3cd8_0.conda
  sha256: 3aa92d4074d4063f2a162cd8ecb45dccac93e543e565c01a787e16a43501f7ee
  md5: c7e925f37e3b40d893459e625f6a53f1
  depends:
  - __glibc >=2.17,<3.0.a0
  - libgcc >=13
  license: BSD-2-Clause
  license_family: BSD
  size: 91183
  timestamp: 1748393666725
- conda: https://conda.anaconda.org/conda-forge/osx-arm64/libmpdec-4.0.0-h5505292_0.conda
  sha256: 0a1875fc1642324ebd6c4ac864604f3f18f57fbcf558a8264f6ced028a3c75b2
  md5: 85ccccb47823dd9f7a99d2c7f530342f
  depends:
  - __osx >=11.0
  license: BSD-2-Clause
  license_family: BSD
  size: 71829
  timestamp: 1748393749336
- conda: https://conda.anaconda.org/conda-forge/linux-64/libsodium-1.0.20-h4ab18f5_0.conda
  sha256: 0105bd108f19ea8e6a78d2d994a6d4a8db16d19a41212070d2d1d48a63c34161
  md5: a587892d3c13b6621a6091be690dbca2
  depends:
  - libgcc-ng >=12
  license: ISC
  size: 205978
  timestamp: 1716828628198
- conda: https://conda.anaconda.org/conda-forge/osx-arm64/libsodium-1.0.20-h99b78c6_0.conda
  sha256: fade8223e1e1004367d7101dd17261003b60aa576df6d7802191f8972f7470b1
  md5: a7ce36e284c5faaf93c220dfc39e3abd
  depends:
  - __osx >=11.0
  license: ISC
  size: 164972
  timestamp: 1716828607917
- conda: https://conda.anaconda.org/conda-forge/linux-64/libsqlite-3.50.4-h0c1763c_0.conda
  sha256: 6d9c32fc369af5a84875725f7ddfbfc2ace795c28f246dc70055a79f9b2003da
  md5: 0b367fad34931cb79e0d6b7e5c06bb1c
  depends:
  - __glibc >=2.17,<3.0.a0
  - libgcc >=14
  - libzlib >=1.3.1,<2.0a0
  license: blessing
  size: 932581
  timestamp: 1753948484112
- conda: https://conda.anaconda.org/conda-forge/osx-arm64/libsqlite-3.50.4-h4237e3c_0.conda
  sha256: 802ebe62e6bc59fc26b26276b793e0542cfff2d03c086440aeaf72fb8bbcec44
  md5: 1dcb0468f5146e38fae99aef9656034b
  depends:
  - __osx >=11.0
  - icu >=75.1,<76.0a0
  - libzlib >=1.3.1,<2.0a0
  license: blessing
  size: 902645
  timestamp: 1753948599139
- conda: https://conda.anaconda.org/conda-forge/linux-64/libstdcxx-15.1.0-h8f9b012_5.conda
  sha256: 0f5f61cab229b6043541c13538d75ce11bd96fb2db76f94ecf81997b1fde6408
  md5: 4e02a49aaa9d5190cb630fa43528fbe6
  depends:
  - __glibc >=2.17,<3.0.a0
  - libgcc 15.1.0 h767d61c_5
  license: GPL-3.0-only WITH GCC-exception-3.1
  license_family: GPL
  size: 3896432
  timestamp: 1757042571458
- conda: https://conda.anaconda.org/conda-forge/linux-64/libstdcxx-ng-15.1.0-h4852527_5.conda
  sha256: 7b8cabbf0ab4fe3581ca28fe8ca319f964078578a51dd2ca3f703c1d21ba23ff
  md5: 8bba50c7f4679f08c861b597ad2bda6b
  depends:
  - libstdcxx 15.1.0 h8f9b012_5
  license: GPL-3.0-only WITH GCC-exception-3.1
  license_family: GPL
  size: 29233
  timestamp: 1757042603319
- conda: https://conda.anaconda.org/conda-forge/linux-64/libuuid-2.41.2-he9a06e4_0.conda
  sha256: e5ec6d2ad7eef538ddcb9ea62ad4346fde70a4736342c4ad87bd713641eb9808
  md5: 80c07c68d2f6870250959dcc95b209d1
  depends:
  - __glibc >=2.17,<3.0.a0
  - libgcc >=14
  license: BSD-3-Clause
  size: 37135
  timestamp: 1758626800002
- conda: https://conda.anaconda.org/conda-forge/linux-64/libzlib-1.3.1-hb9d3cd8_2.conda
  sha256: d4bfe88d7cb447768e31650f06257995601f89076080e76df55e3112d4e47dc4
  md5: edb0dca6bc32e4f4789199455a1dbeb8
  depends:
  - __glibc >=2.17,<3.0.a0
  - libgcc >=13
  constrains:
  - zlib 1.3.1 *_2
  license: Zlib
  license_family: Other
  size: 60963
  timestamp: 1727963148474
- conda: https://conda.anaconda.org/conda-forge/osx-arm64/libzlib-1.3.1-h8359307_2.conda
  sha256: ce34669eadaba351cd54910743e6a2261b67009624dbc7daeeafdef93616711b
  md5: 369964e85dc26bfe78f41399b366c435
  depends:
  - __osx >=11.0
  constrains:
  - zlib 1.3.1 *_2
  license: Zlib
  license_family: Other
  size: 46438
  timestamp: 1727963202283
- conda: https://conda.modular.com/max/noarch/mblack-25.6.0-release.conda
  noarch: python
  sha256: 51ef6f2dd19de5154cde4181e99380277549c60ff56172caba866411c26c5ee4
  depends:
  - python >=3.9
  - click >=8.0.0
  - mypy_extensions >=0.4.3
  - packaging >=22.0
  - pathspec >=0.9.0
  - platformdirs >=2
  - tomli >=1.1.0
  - typing_extensions >=v4.12.2
  - python
  license: MIT
  size: 131727
  timestamp: 1758417230559
- conda: https://conda.modular.com/max/linux-64/mojo-0.25.6.0-release.conda
  sha256: a0a487de8d470e85e925c9ad76b493b01958ccc7affe0b92250db50a1960709a
  depends:
  - python >=3.9
  - mojo-compiler ==0.25.6.0 release
  - mblack ==25.6.0 release
  - jupyter_client >=8.6.2,<8.7
  license: LicenseRef-Modular-Proprietary
  size: 90583156
  timestamp: 1758417230559
- conda: https://conda.modular.com/max/osx-arm64/mojo-0.25.6.0-release.conda
  sha256: bf31245ee5bb282b845b9696c7cfa2570fe7760a18c1f2b11bed1c3d410a4f4e
  depends:
  - python >=3.9
  - mojo-compiler ==0.25.6.0 release
  - mblack ==25.6.0 release
  - jupyter_client >=8.6.2,<8.7
  license: LicenseRef-Modular-Proprietary
  size: 76528734
  timestamp: 1758417614918
- conda: https://conda.modular.com/max/linux-64/mojo-compiler-0.25.6.0-release.conda
  sha256: 41edf48721d11e186a4e6fbde89ae51ccd0aaf33909e4eab9763e00158a73119
  depends:
  - mojo-python ==0.25.6.0 release
  license: LicenseRef-Modular-Proprietary
  size: 85409127
  timestamp: 1758417230559
- conda: https://conda.modular.com/max/osx-arm64/mojo-compiler-0.25.6.0-release.conda
  sha256: 90a9a8e9ee181dcf9e1686f92a61c8f8f14015b30e49e60fb2e703c5be78dbdb
  depends:
  - mojo-python ==0.25.6.0 release
  license: LicenseRef-Modular-Proprietary
  size: 64003305
  timestamp: 1758417614918
- conda: https://conda.modular.com/max/noarch/mojo-python-0.25.6.0-release.conda
  noarch: python
  sha256: 0638dcd3e79c5cd0ff2b385afe590eb81a68093d58e7532c3a0e5158b8eeeadb
  depends:
  - python
  license: LicenseRef-Modular-Proprietary
  size: 17887
  timestamp: 1758417230559
- conda: https://conda.anaconda.org/conda-forge/noarch/mypy_extensions-1.1.0-pyha770c72_0.conda
  sha256: 6ed158e4e5dd8f6a10ad9e525631e35cee8557718f83de7a4e3966b1f772c4b1
  md5: e9c622e0d00fa24a6292279af3ab6d06
  depends:
  - python >=3.9
  license: MIT
  license_family: MIT
  size: 11766
  timestamp: 1745776666688
- conda: https://conda.anaconda.org/conda-forge/linux-64/ncurses-6.5-h2d0b736_3.conda
  sha256: 3fde293232fa3fca98635e1167de6b7c7fda83caf24b9d6c91ec9eefb4f4d586
  md5: 47e340acb35de30501a76c7c799c41d7
  depends:
  - __glibc >=2.17,<3.0.a0
  - libgcc >=13
  license: X11 AND BSD-3-Clause
  size: 891641
  timestamp: 1738195959188
- conda: https://conda.anaconda.org/conda-forge/osx-arm64/ncurses-6.5-h5e97a16_3.conda
  sha256: 2827ada40e8d9ca69a153a45f7fd14f32b2ead7045d3bbb5d10964898fe65733
  md5: 068d497125e4bf8a66bf707254fff5ae
  depends:
  - __osx >=11.0
  license: X11 AND BSD-3-Clause
  size: 797030
  timestamp: 1738196177597
- conda: https://conda.anaconda.org/conda-forge/linux-64/openssl-3.5.3-h26f9b46_1.conda
  sha256: 0572be1b7d3c4f4c288bb8ab1cb6007b5b8b9523985b34b862b5222dea3c45f5
  md5: 4fc6c4c88da64c0219c0c6c0408cedd4
  depends:
  - __glibc >=2.17,<3.0.a0
  - ca-certificates
  - libgcc >=14
  license: Apache-2.0
  license_family: Apache
  size: 3128517
  timestamp: 1758597915858
- conda: https://conda.anaconda.org/conda-forge/osx-arm64/openssl-3.5.3-h5503f6c_1.conda
  sha256: d5499ee2611a0ca9d84e9d60a5978d1f17350e94915c89026f5d9346ccf0a987
  md5: 4b23b1e2aa9d81b16204e1304241ccae
  depends:
  - __osx >=11.0
  - ca-certificates
  license: Apache-2.0
  license_family: Apache
  size: 3069376
  timestamp: 1758598263612
- conda: https://conda.anaconda.org/conda-forge/noarch/packaging-25.0-pyh29332c3_1.conda
  sha256: 289861ed0c13a15d7bbb408796af4de72c2fe67e2bcb0de98f4c3fce259d7991
  md5: 58335b26c38bf4a20f399384c33cbcf9
  depends:
  - python >=3.8
  - python
  license: Apache-2.0
  license_family: APACHE
  size: 62477
  timestamp: 1745345660407
- conda: https://conda.anaconda.org/conda-forge/noarch/pathspec-0.12.1-pyhd8ed1ab_1.conda
  sha256: 9f64009cdf5b8e529995f18e03665b03f5d07c0b17445b8badef45bde76249ee
  md5: 617f15191456cc6a13db418a275435e5
  depends:
  - python >=3.9
  license: MPL-2.0
  license_family: MOZILLA
  size: 41075
  timestamp: 1733233471940
- conda: https://conda.anaconda.org/conda-forge/noarch/platformdirs-4.4.0-pyhcf101f3_0.conda
  sha256: dfe0fa6e351d2b0cef95ac1a1533d4f960d3992f9e0f82aeb5ec3623a699896b
  md5: cc9d9a3929503785403dbfad9f707145
  depends:
  - python >=3.10
  - python
  license: MIT
  license_family: MIT
  size: 23653
  timestamp: 1756227402815
- conda: https://conda.anaconda.org/conda-forge/linux-64/python-3.13.7-h2b335a9_100_cp313.conda
  build_number: 100
  sha256: 16cc30a5854f31ca6c3688337d34e37a79cdc518a06375fe3482ea8e2d6b34c8
  md5: 724dcf9960e933838247971da07fe5cf
  depends:
  - __glibc >=2.17,<3.0.a0
  - bzip2 >=1.0.8,<2.0a0
  - ld_impl_linux-64 >=2.36.1
  - libexpat >=2.7.1,<3.0a0
  - libffi >=3.4.6,<3.5.0a0
  - libgcc >=14
  - liblzma >=5.8.1,<6.0a0
  - libmpdec >=4.0.0,<5.0a0
  - libsqlite >=3.50.4,<4.0a0
  - libuuid >=2.38.1,<3.0a0
  - libzlib >=1.3.1,<2.0a0
  - ncurses >=6.5,<7.0a0
  - openssl >=3.5.2,<4.0a0
  - python_abi 3.13.* *_cp313
  - readline >=8.2,<9.0a0
  - tk >=8.6.13,<8.7.0a0
  - tzdata
  license: Python-2.0
  size: 33583088
  timestamp: 1756911465277
  python_site_packages_path: lib/python3.13/site-packages
- conda: https://conda.anaconda.org/conda-forge/osx-arm64/python-3.13.7-h5c937ed_100_cp313.conda
  build_number: 100
  sha256: b9776cc330fa4836171a42e0e9d9d3da145d7702ba6ef9fad45e94f0f016eaef
  md5: 445d057271904b0e21e14b1fa1d07ba5
  depends:
  - __osx >=11.0
  - bzip2 >=1.0.8,<2.0a0
  - libexpat >=2.7.1,<3.0a0
  - libffi >=3.4.6,<3.5.0a0
  - liblzma >=5.8.1,<6.0a0
  - libmpdec >=4.0.0,<5.0a0
  - libsqlite >=3.50.4,<4.0a0
  - libzlib >=1.3.1,<2.0a0
  - ncurses >=6.5,<7.0a0
  - openssl >=3.5.2,<4.0a0
  - python_abi 3.13.* *_cp313
  - readline >=8.2,<9.0a0
  - tk >=8.6.13,<8.7.0a0
  - tzdata
  license: Python-2.0
  size: 11926240
  timestamp: 1756909724811
  python_site_packages_path: lib/python3.13/site-packages
- conda: https://conda.anaconda.org/conda-forge/noarch/python-dateutil-2.9.0.post0-pyhe01879c_2.conda
  sha256: d6a17ece93bbd5139e02d2bd7dbfa80bee1a4261dced63f65f679121686bf664
  md5: 5b8d21249ff20967101ffa321cab24e8
  depends:
  - python >=3.9
  - six >=1.5
  - python
  license: Apache-2.0
  license_family: APACHE
  size: 233310
  timestamp: 1751104122689
- conda: https://conda.anaconda.org/conda-forge/noarch/python-gil-3.13.7-h4df99d1_100.conda
  sha256: 109794a80cf31450903522e2613b6d760ae4655e65d6fff68467934fbe297ea1
  md5: 47a123ca8e727d886a2c6d0c71658f8c
  depends:
  - cpython 3.13.7.*
  - python_abi * *_cp313
  license: Python-2.0
  size: 48178
  timestamp: 1756909461701
- conda: https://conda.anaconda.org/conda-forge/noarch/python_abi-3.13-8_cp313.conda
  build_number: 8
  sha256: 210bffe7b121e651419cb196a2a63687b087497595c9be9d20ebe97dd06060a7
  md5: 94305520c52a4aa3f6c2b1ff6008d9f8
  constrains:
  - python 3.13.* *_cp313
  license: BSD-3-Clause
  license_family: BSD
  size: 7002
  timestamp: 1752805902938
- conda: https://conda.anaconda.org/conda-forge/linux-64/pyzmq-27.1.0-py312hfb55c3c_0.conda
  noarch: python
  sha256: a00a41b66c12d9c60e66b391e9a4832b7e28743348cf4b48b410b91927cd7819
  md5: 3399d43f564c905250c1aea268ebb935
  depends:
  - python
  - __glibc >=2.17,<3.0.a0
  - libstdcxx >=14
  - libgcc >=14
  - _python_abi3_support 1.*
  - cpython >=3.12
  - zeromq >=4.3.5,<4.4.0a0
  license: BSD-3-Clause
  license_family: BSD
  size: 212218
  timestamp: 1757387023399
- conda: https://conda.anaconda.org/conda-forge/osx-arm64/pyzmq-27.1.0-py312hd65ceae_0.conda
  noarch: python
  sha256: ef33812c71eccf62ea171906c3e7fc1c8921f31e9cc1fbc3f079f3f074702061
  md5: bbd22b0f0454a5972f68a5f200643050
  depends:
  - python
  - __osx >=11.0
  - libcxx >=19
  - _python_abi3_support 1.*
  - cpython >=3.12
  - zeromq >=4.3.5,<4.4.0a0
  license: BSD-3-Clause
  license_family: BSD
  size: 191115
  timestamp: 1757387128258
- conda: https://conda.anaconda.org/conda-forge/linux-64/readline-8.2-h8c095d6_2.conda
  sha256: 2d6d0c026902561ed77cd646b5021aef2d4db22e57a5b0178dfc669231e06d2c
  md5: 283b96675859b20a825f8fa30f311446
  depends:
  - libgcc >=13
  - ncurses >=6.5,<7.0a0
  license: GPL-3.0-only
  license_family: GPL
  size: 282480
  timestamp: 1740379431762
- conda: https://conda.anaconda.org/conda-forge/osx-arm64/readline-8.2-h1d1bf99_2.conda
  sha256: 7db04684d3904f6151eff8673270922d31da1eea7fa73254d01c437f49702e34
  md5: 63ef3f6e6d6d5c589e64f11263dc5676
  depends:
  - ncurses >=6.5,<7.0a0
  license: GPL-3.0-only
  license_family: GPL
  size: 252359
  timestamp: 1740379663071
- conda: https://conda.anaconda.org/conda-forge/noarch/six-1.17.0-pyhe01879c_1.conda
  sha256: 458227f759d5e3fcec5d9b7acce54e10c9e1f4f4b7ec978f3bfd54ce4ee9853d
  md5: 3339e3b65d58accf4ca4fb8748ab16b3
  depends:
  - python >=3.9
  - python
  license: MIT
  license_family: MIT
  size: 18455
  timestamp: 1753199211006
- conda: https://conda.anaconda.org/conda-forge/linux-64/tk-8.6.13-noxft_hd72426e_102.conda
  sha256: a84ff687119e6d8752346d1d408d5cf360dee0badd487a472aa8ddedfdc219e1
  md5: a0116df4f4ed05c303811a837d5b39d8
  depends:
  - __glibc >=2.17,<3.0.a0
  - libgcc >=13
  - libzlib >=1.3.1,<2.0a0
  license: TCL
  license_family: BSD
  size: 3285204
  timestamp: 1748387766691
- conda: https://conda.anaconda.org/conda-forge/osx-arm64/tk-8.6.13-h892fb3f_2.conda
  sha256: cb86c522576fa95c6db4c878849af0bccfd3264daf0cc40dd18e7f4a7bfced0e
  md5: 7362396c170252e7b7b0c8fb37fe9c78
  depends:
  - __osx >=11.0
  - libzlib >=1.3.1,<2.0a0
  license: TCL
  license_family: BSD
  size: 3125538
  timestamp: 1748388189063
- conda: https://conda.anaconda.org/conda-forge/noarch/tomli-2.2.1-pyhe01879c_2.conda
  sha256: 040a5a05c487647c089ad5e05ad5aff5942830db2a4e656f1e300d73436436f1
  md5: 30a0a26c8abccf4b7991d590fe17c699
  depends:
  - python >=3.9
  - python
  license: MIT
  license_family: MIT
  size: 21238
  timestamp: 1753796677376
- conda: https://conda.anaconda.org/conda-forge/linux-64/tornado-6.5.2-py313h07c4f96_1.conda
  sha256: c8bfe883aa2d5b59cb1d962729a12b3191518f7decbe9e3505c2aacccb218692
  md5: 45821154b9cb2fb63c2b354c76086954
  depends:
  - __glibc >=2.17,<3.0.a0
  - libgcc >=14
  - python >=3.13,<3.14.0a0
  - python_abi 3.13.* *_cp313
  license: Apache-2.0
  license_family: Apache
  size: 877215
  timestamp: 1756855010312
- conda: https://conda.anaconda.org/conda-forge/osx-arm64/tornado-6.5.2-py313hcdf3177_1.conda
  sha256: 30fbb92cc119595e4ac7691789d45d367f5d6850103b97ca4a130d98e8ec27f0
  md5: 728311ebaa740a1efa6fab80bbcdf335
  depends:
  - __osx >=11.0
  - python >=3.13,<3.14.0a0
  - python >=3.13,<3.14.0a0 *_cp313
  - python_abi 3.13.* *_cp313
  license: Apache-2.0
  license_family: Apache
  size: 874955
  timestamp: 1756855212446
- conda: https://conda.anaconda.org/conda-forge/noarch/traitlets-5.14.3-pyhd8ed1ab_1.conda
  sha256: f39a5620c6e8e9e98357507262a7869de2ae8cc07da8b7f84e517c9fd6c2b959
  md5: 019a7385be9af33791c989871317e1ed
  depends:
  - python >=3.9
  license: BSD-3-Clause
  license_family: BSD
  size: 110051
  timestamp: 1733367480074
- conda: https://conda.anaconda.org/conda-forge/noarch/typing_extensions-4.15.0-pyhcf101f3_0.conda
  sha256: 032271135bca55aeb156cee361c81350c6f3fb203f57d024d7e5a1fc9ef18731
  md5: 0caa1af407ecff61170c9437a808404d
  depends:
  - python >=3.10
  - python
  license: PSF-2.0
  license_family: PSF
  size: 51692
  timestamp: 1756220668932
- conda: https://conda.anaconda.org/conda-forge/noarch/tzdata-2025b-h78e105d_0.conda
  sha256: 5aaa366385d716557e365f0a4e9c3fca43ba196872abbbe3d56bb610d131e192
  md5: 4222072737ccff51314b5ece9c7d6f5a
  license: LicenseRef-Public-Domain
  size: 122968
  timestamp: 1742727099393
- conda: https://conda.anaconda.org/conda-forge/linux-64/zeromq-4.3.5-h387f397_9.conda
  sha256: 47cfe31255b91b4a6fa0e9dbaf26baa60ac97e033402dbc8b90ba5fee5ffe184
  md5: 8035e5b54c08429354d5d64027041cad
  depends:
  - libstdcxx >=14
  - libgcc >=14
  - __glibc >=2.17,<3.0.a0
  - libgcc >=14
  - libsodium >=1.0.20,<1.0.21.0a0
  - krb5 >=1.21.3,<1.22.0a0
  license: MPL-2.0
  license_family: MOZILLA
  size: 310648
  timestamp: 1757370847287
- conda: https://conda.anaconda.org/conda-forge/osx-arm64/zeromq-4.3.5-h888dc83_9.conda
  sha256: b6f9c130646e5971f6cad708e1eee278f5c7eea3ca97ec2fdd36e7abb764a7b8
  md5: 26f39dfe38a2a65437c29d69906a0f68
  depends:
  - __osx >=11.0
  - libcxx >=19
  - libsodium >=1.0.20,<1.0.21.0a0
  - krb5 >=1.21.3,<1.22.0a0
  license: MPL-2.0
  license_family: MOZILLA
  size: 244772
  timestamp: 1757371008525
- conda: https://conda.anaconda.org/conda-forge/noarch/zipp-3.23.0-pyhd8ed1ab_0.conda
  sha256: 7560d21e1b021fd40b65bfb72f67945a3fcb83d78ad7ccf37b8b3165ec3b68ad
  md5: df5e78d904988eb55042c0c97446079f
  depends:
  - python >=3.9
  license: MIT
  license_family: MIT
  size: 22963
  timestamp: 1749421737203
