version: 6
environments:
  default:
    channels:
    - url: https://conda.anaconda.org/conda-forge/
    options:
      pypi-prerelease-mode: if-necessary-or-explicit
    packages:
      osx-arm64:
      - conda: https://conda.anaconda.org/conda-forge/osx-arm64/c-compiler-1.11.0-h61f9b84_0.conda
      - conda: https://conda.anaconda.org/conda-forge/noarch/ca-certificates-2026.1.4-hbd8a1cb_0.conda
      - conda: https://conda.anaconda.org/conda-forge/osx-arm64/cctools-1030.6.3-llvm19_1_hd01ab73_4.conda
      - conda: https://conda.anaconda.org/conda-forge/osx-arm64/cctools_impl_osx-arm64-1030.6.3-llvm19_1_he8a363d_4.conda
      - conda: https://conda.anaconda.org/conda-forge/osx-arm64/cctools_osx-arm64-1030.6.3-llvm19_1_h6d92914_4.conda
      - conda: https://conda.anaconda.org/conda-forge/osx-arm64/clang-19-19.1.7-default_hf3020a7_7.conda
      - conda: https://conda.anaconda.org/conda-forge/osx-arm64/clang-19.1.7-default_hf9bcbb7_7.conda
      - conda: https://conda.anaconda.org/conda-forge/osx-arm64/clang_impl_osx-arm64-19.1.7-default_hc11f16d_7.conda
      - conda: https://conda.anaconda.org/conda-forge/osx-arm64/clang_osx-arm64-19.1.7-h75f8d18_31.conda
      - conda: https://conda.anaconda.org/conda-forge/osx-arm64/clangxx-19.1.7-default_hc995acf_7.conda
      - conda: https://conda.anaconda.org/conda-forge/osx-arm64/clangxx_impl_osx-arm64-19.1.7-default_hc11f16d_7.conda
      - conda: https://conda.anaconda.org/conda-forge/osx-arm64/clangxx_osx-arm64-19.1.7-h75f8d18_31.conda
      - conda: https://conda.anaconda.org/conda-forge/osx-arm64/compiler-rt-19.1.7-h855ad52_1.conda
      - conda: https://conda.anaconda.org/conda-forge/noarch/compiler-rt_osx-arm64-19.1.7-he32a8d3_1.conda
      - conda: https://conda.anaconda.org/conda-forge/osx-arm64/cxx-compiler-1.11.0-h88570a1_0.conda
      - conda: https://conda.anaconda.org/conda-forge/osx-arm64/icu-78.2-h38cb7af_0.conda
      - conda: https://conda.anaconda.org/conda-forge/osx-arm64/ld64-956.6-llvm19_1_he86490a_4.conda
      - conda: https://conda.anaconda.org/conda-forge/osx-arm64/ld64_osx-arm64-956.6-llvm19_1_ha2625f7_4.conda
      - conda: https://conda.anaconda.org/conda-forge/osx-arm64/libclang-cpp19.1-19.1.7-default_hf3020a7_7.conda
      - conda: https://conda.anaconda.org/conda-forge/osx-arm64/libcxx-21.1.8-h55c6f16_2.conda
      - conda: https://conda.anaconda.org/conda-forge/osx-arm64/libcxx-devel-19.1.7-h6dc3340_2.conda
      - conda: https://conda.anaconda.org/conda-forge/noarch/libcxx-headers-19.1.7-h707e725_2.conda
      - conda: https://conda.anaconda.org/conda-forge/osx-arm64/libduckdb-1.4.4-h067f6b4_3.conda
      - conda: https://conda.anaconda.org/conda-forge/osx-arm64/libduckdb-devel-1.4.4-hf6b4638_3.conda
      - conda: https://conda.anaconda.org/conda-forge/osx-arm64/libiconv-1.18-h23cfdf5_2.conda
      - conda: https://conda.anaconda.org/conda-forge/osx-arm64/libllvm19-19.1.7-h8e0c9ce_2.conda
      - conda: https://conda.anaconda.org/conda-forge/osx-arm64/liblzma-5.8.2-h8088a28_0.conda
      - conda: https://conda.anaconda.org/conda-forge/osx-arm64/libsigtool-0.1.3-h98dc951_0.conda
      - conda: https://conda.anaconda.org/conda-forge/osx-arm64/libxml2-16-2.15.1-h5ef1a60_1.conda
      - conda: https://conda.anaconda.org/conda-forge/osx-arm64/libxml2-2.15.1-h8d039ee_1.conda
      - conda: https://conda.anaconda.org/conda-forge/osx-arm64/libzlib-1.3.1-h8359307_2.conda
      - conda: https://conda.anaconda.org/conda-forge/osx-arm64/llvm-openmp-21.1.8-h4a912ad_0.conda
      - conda: https://conda.anaconda.org/conda-forge/osx-arm64/llvm-tools-19-19.1.7-h91fd4e7_2.conda
      - conda: https://conda.anaconda.org/conda-forge/osx-arm64/llvm-tools-19.1.7-h855ad52_2.conda
      - conda: https://conda.anaconda.org/conda-forge/osx-arm64/ncurses-6.5-h5e97a16_3.conda
      - conda: https://conda.anaconda.org/conda-forge/osx-arm64/openssl-3.6.1-hd24854e_1.conda
      - conda: https://conda.anaconda.org/conda-forge/noarch/sdkroot_env_osx-arm64-26.0-ha3f98da_6.conda
      - conda: https://conda.anaconda.org/conda-forge/osx-arm64/sigtool-codesign-0.1.3-h98dc951_0.conda
      - conda: https://conda.anaconda.org/conda-forge/osx-arm64/tapi-1600.0.11.8-h997e182_0.conda
      - conda: https://conda.anaconda.org/conda-forge/osx-arm64/zstd-1.5.7-hbf9d68e_6.conda
  source-build:
    channels:
    - url: https://conda.anaconda.org/conda-forge/
    options:
      pypi-prerelease-mode: if-necessary-or-explicit
    packages:
      osx-arm64:
      - conda: https://conda.anaconda.org/conda-forge/osx-arm64/bzip2-1.0.8-hd037594_8.conda
      - conda: https://conda.anaconda.org/conda-forge/osx-arm64/c-ares-1.34.6-hc919400_0.conda
      - conda: https://conda.anaconda.org/conda-forge/osx-arm64/c-compiler-1.11.0-h61f9b84_0.conda
      - conda: https://conda.anaconda.org/conda-forge/noarch/ca-certificates-2026.1.4-hbd8a1cb_0.conda
      - conda: https://conda.anaconda.org/conda-forge/osx-arm64/cctools-1030.6.3-llvm19_1_hd01ab73_4.conda
      - conda: https://conda.anaconda.org/conda-forge/osx-arm64/cctools_impl_osx-arm64-1030.6.3-llvm19_1_he8a363d_4.conda
      - conda: https://conda.anaconda.org/conda-forge/osx-arm64/cctools_osx-arm64-1030.6.3-llvm19_1_h6d92914_4.conda
      - conda: https://conda.anaconda.org/conda-forge/osx-arm64/clang-19-19.1.7-default_hf3020a7_7.conda
      - conda: https://conda.anaconda.org/conda-forge/osx-arm64/clang-19.1.7-default_hf9bcbb7_7.conda
      - conda: https://conda.anaconda.org/conda-forge/osx-arm64/clang_impl_osx-arm64-19.1.7-default_hc11f16d_7.conda
      - conda: https://conda.anaconda.org/conda-forge/osx-arm64/clang_osx-arm64-19.1.7-h75f8d18_31.conda
      - conda: https://conda.anaconda.org/conda-forge/osx-arm64/clangxx-19.1.7-default_hc995acf_7.conda
      - conda: https://conda.anaconda.org/conda-forge/osx-arm64/clangxx_impl_osx-arm64-19.1.7-default_hc11f16d_7.conda
      - conda: https://conda.anaconda.org/conda-forge/osx-arm64/clangxx_osx-arm64-19.1.7-h75f8d18_31.conda
      - conda: https://conda.anaconda.org/conda-forge/osx-arm64/cmake-4.2.3-h8cb302d_0.conda
      - conda: https://conda.anaconda.org/conda-forge/osx-arm64/compiler-rt-19.1.7-h855ad52_1.conda
      - conda: https://conda.anaconda.org/conda-forge/noarch/compiler-rt_osx-arm64-19.1.7-he32a8d3_1.conda
      - conda: https://conda.anaconda.org/conda-forge/osx-arm64/cxx-compiler-1.11.0-h88570a1_0.conda
      - conda: https://conda.anaconda.org/conda-forge/osx-arm64/git-2.52.0-pl5321h8012a55_1.conda
      - conda: https://conda.anaconda.org/conda-forge/osx-arm64/icu-78.2-h38cb7af_0.conda
      - conda: https://conda.anaconda.org/conda-forge/osx-arm64/krb5-1.21.3-h237132a_0.conda
      - conda: https://conda.anaconda.org/conda-forge/osx-arm64/ld64-956.6-llvm19_1_he86490a_4.conda
      - conda: https://conda.anaconda.org/conda-forge/osx-arm64/ld64_osx-arm64-956.6-llvm19_1_ha2625f7_4.conda
      - conda: https://conda.anaconda.org/conda-forge/osx-arm64/libclang-cpp19.1-19.1.7-default_hf3020a7_7.conda
      - conda: https://conda.anaconda.org/conda-forge/osx-arm64/libcurl-8.18.0-he38603e_0.conda
      - conda: https://conda.anaconda.org/conda-forge/osx-arm64/libcxx-21.1.8-h55c6f16_2.conda
      - conda: https://conda.anaconda.org/conda-forge/osx-arm64/libcxx-devel-19.1.7-h6dc3340_2.conda
      - conda: https://conda.anaconda.org/conda-forge/noarch/libcxx-headers-19.1.7-h707e725_2.conda
      - conda: https://conda.anaconda.org/conda-forge/osx-arm64/libduckdb-1.4.4-h067f6b4_3.conda
      - conda: https://conda.anaconda.org/conda-forge/osx-arm64/libduckdb-devel-1.4.4-hf6b4638_3.conda
      - conda: https://conda.anaconda.org/conda-forge/osx-arm64/libedit-3.1.20250104-pl5321hafb1f1b_0.conda
      - conda: https://conda.anaconda.org/conda-forge/osx-arm64/libev-4.33-h93a5062_2.conda
      - conda: https://conda.anaconda.org/conda-forge/osx-arm64/libexpat-2.7.3-haf25636_0.conda
      - conda: https://conda.anaconda.org/conda-forge/osx-arm64/libiconv-1.18-h23cfdf5_2.conda
      - conda: https://conda.anaconda.org/conda-forge/osx-arm64/libintl-0.25.1-h493aca8_0.conda
      - conda: https://conda.anaconda.org/conda-forge/osx-arm64/libllvm19-19.1.7-h8e0c9ce_2.conda
      - conda: https://conda.anaconda.org/conda-forge/osx-arm64/liblzma-5.8.2-h8088a28_0.conda
      - conda: https://conda.anaconda.org/conda-forge/osx-arm64/libnghttp2-1.67.0-hc438710_0.conda
      - conda: https://conda.anaconda.org/conda-forge/osx-arm64/libsigtool-0.1.3-h98dc951_0.conda
      - conda: https://conda.anaconda.org/conda-forge/osx-arm64/libssh2-1.11.1-h1590b86_0.conda
      - conda: https://conda.anaconda.org/conda-forge/osx-arm64/libuv-1.51.0-h6caf38d_1.conda
      - conda: https://conda.anaconda.org/conda-forge/osx-arm64/libxml2-16-2.15.1-h5ef1a60_1.conda
      - conda: https://conda.anaconda.org/conda-forge/osx-arm64/libxml2-2.15.1-h8d039ee_1.conda
      - conda: https://conda.anaconda.org/conda-forge/osx-arm64/libzlib-1.3.1-h8359307_2.conda
      - conda: https://conda.anaconda.org/conda-forge/osx-arm64/llvm-openmp-21.1.8-h4a912ad_0.conda
      - conda: https://conda.anaconda.org/conda-forge/osx-arm64/llvm-tools-19-19.1.7-h91fd4e7_2.conda
      - conda: https://conda.anaconda.org/conda-forge/osx-arm64/llvm-tools-19.1.7-h855ad52_2.conda
      - conda: https://conda.anaconda.org/conda-forge/osx-arm64/ncurses-6.5-h5e97a16_3.conda
      - conda: https://conda.anaconda.org/conda-forge/osx-arm64/ninja-1.13.2-h49c215f_0.conda
      - conda: https://conda.anaconda.org/conda-forge/osx-arm64/openssl-3.6.1-hd24854e_1.conda
      - conda: https://conda.anaconda.org/conda-forge/osx-arm64/pcre2-10.47-h30297fc_0.conda
      - conda: https://conda.anaconda.org/conda-forge/osx-arm64/perl-5.32.1-7_h4614cfb_perl5.conda
      - conda: https://conda.anaconda.org/conda-forge/osx-arm64/rhash-1.4.6-h5505292_1.conda
      - conda: https://conda.anaconda.org/conda-forge/noarch/sdkroot_env_osx-arm64-26.0-ha3f98da_6.conda
      - conda: https://conda.anaconda.org/conda-forge/osx-arm64/sigtool-codesign-0.1.3-h98dc951_0.conda
      - conda: https://conda.anaconda.org/conda-forge/osx-arm64/tapi-1600.0.11.8-h997e182_0.conda
      - conda: https://conda.anaconda.org/conda-forge/osx-arm64/zstd-1.5.7-hbf9d68e_6.conda
packages:
- conda: https://conda.anaconda.org/conda-forge/osx-arm64/bzip2-1.0.8-hd037594_8.conda
  sha256: b456200636bd5fecb2bec63f7e0985ad2097cf1b83d60ce0b6968dffa6d02aa1
  md5: 58fd217444c2a5701a44244faf518206
  depends:
  - __osx >=11.0
  license: bzip2-1.0.6
  license_family: BSD
  size: 125061
  timestamp: 1757437486465
- conda: https://conda.anaconda.org/conda-forge/osx-arm64/c-ares-1.34.6-hc919400_0.conda
  sha256: 2995f2aed4e53725e5efbc28199b46bf311c3cab2648fc4f10c2227d6d5fa196
  md5: bcb3cba70cf1eec964a03b4ba7775f01
  depends:
  - __osx >=11.0
  license: MIT
  license_family: MIT
  size: 180327
  timestamp: 1765215064054
- conda: https://conda.anaconda.org/conda-forge/osx-arm64/c-compiler-1.11.0-h61f9b84_0.conda
  sha256: b51bd1551cfdf41500f732b4bd1e4e70fb1e74557165804a648f32fa9c671eec
  md5: 148516e0c9edf4e9331a4d53ae806a9b
  depends:
  - cctools >=949.0.1
  - clang_osx-arm64 19.*
  - ld64 >=530
  - llvm-openmp
  license: BSD-3-Clause
  license_family: BSD
  size: 6697
  timestamp: 1753098737760
- conda: https://conda.anaconda.org/conda-forge/noarch/ca-certificates-2026.1.4-hbd8a1cb_0.conda
  sha256: b5974ec9b50e3c514a382335efa81ed02b05906849827a34061c496f4defa0b2
  md5: bddacf101bb4dd0e51811cb69c7790e2
  depends:
  - __unix
  license: ISC
  size: 146519
  timestamp: 1767500828366
- conda: https://conda.anaconda.org/conda-forge/osx-arm64/cctools-1030.6.3-llvm19_1_hd01ab73_4.conda
  sha256: 4f408036b5175be0d2c7940250d00dae5ea7a71d194a1ffb35881fb9df6211fc
  md5: caf7c8e48827c2ad0c402716159fe0a2
  depends:
  - cctools_impl_osx-arm64 1030.6.3 llvm19_1_he8a363d_4
  - ld64 956.6 llvm19_1_he86490a_4
  - libllvm19 >=19.1.7,<19.2.0a0
  license: APSL-2.0
  license_family: Other
  size: 24313
  timestamp: 1768852906882
- conda: https://conda.anaconda.org/conda-forge/osx-arm64/cctools_impl_osx-arm64-1030.6.3-llvm19_1_he8a363d_4.conda
  sha256: c444442e0c01de92a75b58718a100f2e272649658d4f3dd915bbfc2316b25638
  md5: 76c651b923e048f3f3e0ecb22c966f70
  depends:
  - __osx >=11.0
  - ld64_osx-arm64 >=956.6,<956.7.0a0
  - libcxx
  - libllvm19 >=19.1.7,<19.2.0a0
  - libzlib >=1.3.1,<2.0a0
  - llvm-tools 19.1.*
  - sigtool-codesign
  constrains:
  - ld64 956.6.*
  - cctools 1030.6.3.*
  - clang 19.1.*
  license: APSL-2.0
  license_family: Other
  size: 749918
  timestamp: 1768852866532
- conda: https://conda.anaconda.org/conda-forge/osx-arm64/cctools_osx-arm64-1030.6.3-llvm19_1_h6d92914_4.conda
  sha256: 6b37ac10e22dd734cce14ce7d1ac6db07976bb71e38a10971c0693b9f17ad6c4
  md5: df5cd5c925df1412426e3db71d31363f
  depends:
  - cctools_impl_osx-arm64 1030.6.3 llvm19_1_he8a363d_4
  - ld64_osx-arm64 956.6 llvm19_1_ha2625f7_4
  constrains:
  - cctools 1030.6.3.*
  license: APSL-2.0
  license_family: Other
  size: 23211
  timestamp: 1768852915341
- conda: https://conda.anaconda.org/conda-forge/osx-arm64/clang-19.1.7-default_hf9bcbb7_7.conda
  sha256: e170fa45ea1a6c30348b05a474bfad58bcb7316ee278fd1051f1f7af105db2cd
  md5: 13150cdd8e6bc61aa68b55d1a2a69083
  depends:
  - clang-19 19.1.7 default_hf3020a7_7
  - clang_impl_osx-arm64 19.1.7 default_hc11f16d_7
  license: Apache-2.0 WITH LLVM-exception
  license_family: Apache
  size: 24474
  timestamp: 1767957953998
- conda: https://conda.anaconda.org/conda-forge/osx-arm64/clang-19-19.1.7-default_hf3020a7_7.conda
  sha256: d59286e188f4922f9812d8412358f98e98b187840c7256d9c143f4e9cc02847e
  md5: 3b992d143f0008588ca26df8a324eee9
  depends:
  - __osx >=11.0
  - libclang-cpp19.1 19.1.7 default_hf3020a7_7
  - libcxx >=19.1.7
  - libllvm19 >=19.1.7,<19.2.0a0
  license: Apache-2.0 WITH LLVM-exception
  license_family: Apache
  size: 764520
  timestamp: 1767957577398
- conda: https://conda.anaconda.org/conda-forge/osx-arm64/clang_impl_osx-arm64-19.1.7-default_hc11f16d_7.conda
  sha256: faffb31c43afb4360d6545bd20590fbed5b344a77daeabdea39164d72c943d21
  md5: bde6fcb6b1fcefb687a7fb95675c6ec8
  depends:
  - cctools_impl_osx-arm64
  - clang-19 19.1.7 default_hf3020a7_7
  - compiler-rt 19.1.7.*
  - compiler-rt_osx-arm64
  - ld64
  - ld64_osx-arm64 * llvm19_1_*
  - llvm-openmp >=19.1.7
  - llvm-tools 19.1.7.*
  license: Apache-2.0 WITH LLVM-exception
  license_family: Apache
  size: 24459
  timestamp: 1767957934083
- conda: https://conda.anaconda.org/conda-forge/osx-arm64/clang_osx-arm64-19.1.7-h75f8d18_31.conda
  sha256: c9daaa0e7785fe7c5799e3d691c6aa5ab8b4a54bbf49835037068dd78e0a7b35
  md5: 6645630920c0980a33f055a49fbdb88e
  depends:
  - cctools_osx-arm64
  - clang 19.*
  - clang_impl_osx-arm64 19.1.7.*
  - sdkroot_env_osx-arm64
  license: BSD-3-Clause
  license_family: BSD
  size: 21135
  timestamp: 1769482854554
- conda: https://conda.anaconda.org/conda-forge/osx-arm64/clangxx-19.1.7-default_hc995acf_7.conda
  sha256: ac9f83722cfd336298b97e30c3746a8f0d9d6289a3e0383275f531dc03b2f88a
  md5: 0c1f688616da9aac0ce556d74a24f740
  depends:
  - clang 19.1.7 default_hf9bcbb7_7
  - clangxx_impl_osx-arm64 19.1.7.* default_*_7
  - libcxx-devel 19.1.*
  license: Apache-2.0 WITH LLVM-exception
  license_family: Apache
  size: 24443
  timestamp: 1767958120218
- conda: https://conda.anaconda.org/conda-forge/osx-arm64/clangxx_impl_osx-arm64-19.1.7-default_hc11f16d_7.conda
  sha256: 56ec5bf095253eb7ff33b0e64f33c608d760f790f1ff0cb30480a797bffbb2fd
  md5: 4fa4a9227c428372847c534a9bffd698
  depends:
  - clang-19 19.1.7 default_hf3020a7_7
  - clang_impl_osx-arm64 19.1.7 default_hc11f16d_7
  - libcxx-devel 19.1.*
  license: Apache-2.0 WITH LLVM-exception
  license_family: Apache
  size: 24364
  timestamp: 1767958102690
- conda: https://conda.anaconda.org/conda-forge/osx-arm64/clangxx_osx-arm64-19.1.7-h75f8d18_31.conda
  sha256: f3a81f8e5451377d2b84a31f4a4e305cb92f5a4c4ba0126e7d1a3cfa4d66bf47
  md5: bd6926e81dc196064373b614af3bc9ff
  depends:
  - cctools_osx-arm64
  - clang_osx-arm64 19.1.7 h75f8d18_31
  - clangxx 19.*
  - clangxx_impl_osx-arm64 19.1.7.*
  - sdkroot_env_osx-arm64
  license: BSD-3-Clause
  license_family: BSD
  size: 19914
  timestamp: 1769482862579
- conda: https://conda.anaconda.org/conda-forge/osx-arm64/cmake-4.2.3-h8cb302d_0.conda
  sha256: 2c82056fe8e64f9a1a063d698339303bfe0e748ea7a98361f26764f5ad9763c7
  md5: 2d193643af6996480fd16a8a4f3e2366
  depends:
  - __osx >=11.0
  - bzip2 >=1.0.8,<2.0a0
  - libcurl >=8.18.0,<9.0a0
  - libcxx >=19
  - libexpat >=2.7.3,<3.0a0
  - liblzma >=5.8.2,<6.0a0
  - libuv >=1.51.0,<2.0a0
  - libzlib >=1.3.1,<2.0a0
  - ncurses >=6.5,<7.0a0
  - rhash >=1.4.6,<2.0a0
  - zstd >=1.5.7,<1.6.0a0
  license: BSD-3-Clause
  license_family: BSD
  size: 17757212
  timestamp: 1769598999605
- conda: https://conda.anaconda.org/conda-forge/osx-arm64/compiler-rt-19.1.7-h855ad52_1.conda
  sha256: b58a481828aee699db7f28bfcbbe72fb133277ac60831dfe70ee2465541bcb93
  md5: 39451684370ae65667fa5c11222e43f7
  depends:
  - __osx >=11.0
  - clang 19.1.7.*
  - compiler-rt_osx-arm64 19.1.7.*
  license: Apache-2.0 WITH LLVM-exception
  license_family: APACHE
  size: 97085
  timestamp: 1757411887557
- conda: https://conda.anaconda.org/conda-forge/noarch/compiler-rt_osx-arm64-19.1.7-he32a8d3_1.conda
  sha256: 8c32a3db8adf18ed58197e8895ce4f24a83ed63c817512b9a26724753b116f2a
  md5: 8d99c82e0f5fed6cc36fcf66a11e03f0
  depends:
  - clang 19.1.7.*
  constrains:
  - compiler-rt 19.1.7
  - clangxx 19.1.7
  license: Apache-2.0 WITH LLVM-exception
  license_family: APACHE
  size: 10490535
  timestamp: 1757411851093
- conda: https://conda.anaconda.org/conda-forge/osx-arm64/cxx-compiler-1.11.0-h88570a1_0.conda
  sha256: 99800d97a3a2ee9920dfc697b6d4c64e46dc7296c78b1b6c746ff1c24dea5e6c
  md5: 043afed05ca5a0f2c18252ae4378bdee
  depends:
  - c-compiler 1.11.0 h61f9b84_0
  - clangxx_osx-arm64 19.*
  license: BSD-3-Clause
  license_family: BSD
  size: 6715
  timestamp: 1753098739952
- conda: https://conda.anaconda.org/conda-forge/osx-arm64/git-2.52.0-pl5321h8012a55_1.conda
  sha256: bd05203669107f828fd2cf91480f35f325051551b751ff02e899d146151c752d
  md5: 4ae28755cc203d0460db05c5b48256db
  depends:
  - __osx >=11.0
  - libcurl >=8.17.0,<9.0a0
  - libexpat >=2.7.3,<3.0a0
  - libiconv >=1.18,<2.0a0
  - libintl >=0.25.1,<1.0a0
  - libzlib >=1.3.1,<2.0a0
  - openssl >=3.5.4,<4.0a0
  - pcre2 >=10.47,<10.48.0a0
  - perl 5.*
  license: GPL-2.0-or-later and LGPL-2.1-or-later
  size: 12300011
  timestamp: 1763716092824
- conda: https://conda.anaconda.org/conda-forge/osx-arm64/icu-78.2-h38cb7af_0.conda
  sha256: d4cefbca587429d1192509edc52c88de52bc96c2447771ddc1f8bee928aed5ef
  md5: 1e93aca311da0210e660d2247812fa02
  depends:
  - __osx >=11.0
  license: MIT
  license_family: MIT
  size: 12358010
  timestamp: 1767970350308
- conda: https://conda.anaconda.org/conda-forge/osx-arm64/krb5-1.21.3-h237132a_0.conda
  sha256: 4442f957c3c77d69d9da3521268cad5d54c9033f1a73f99cde0a3658937b159b
  md5: c6dc8a0fdec13a0565936655c33069a1
  depends:
  - __osx >=11.0
  - libcxx >=16
  - libedit >=3.1.20191231,<3.2.0a0
  - libedit >=3.1.20191231,<4.0a0
  - openssl >=3.3.1,<4.0a0
  license: MIT
  license_family: MIT
  size: 1155530
  timestamp: 1719463474401
- conda: https://conda.anaconda.org/conda-forge/osx-arm64/ld64-956.6-llvm19_1_he86490a_4.conda
  sha256: d6197b4825ece12ab63097bd677294126439a1a6222c7098885aa23464ef280c
  md5: 22eb76f8d98f4d3b8319d40bda9174de
  depends:
  - ld64_osx-arm64 956.6 llvm19_1_ha2625f7_4
  - libllvm19 >=19.1.7,<19.2.0a0
  constrains:
  - cctools_osx-arm64 1030.6.3.*
  - cctools 1030.6.3.*
  license: APSL-2.0
  license_family: Other
  size: 21592
  timestamp: 1768852886875
- conda: https://conda.anaconda.org/conda-forge/osx-arm64/ld64_osx-arm64-956.6-llvm19_1_ha2625f7_4.conda
  sha256: 4161eec579cea07903ee2fafdde6f8f9991dabd54f3ca6609a1bf75bed3dc788
  md5: eaf3d06e3a8a10dee7565e8d76ae618d
  depends:
  - __osx >=11.0
  - libcxx
  - libllvm19 >=19.1.7,<19.2.0a0
  - sigtool-codesign
  - tapi >=1600.0.11.8,<1601.0a0
  constrains:
  - cctools_impl_osx-arm64 1030.6.3.*
  - ld64 956.6.*
  - cctools 1030.6.3.*
  - clang 19.1.*
  license: APSL-2.0
  license_family: Other
  size: 1040464
  timestamp: 1768852821767
- conda: https://conda.anaconda.org/conda-forge/osx-arm64/libclang-cpp19.1-19.1.7-default_hf3020a7_7.conda
  sha256: 89b8aed26ef89c9e56939d1acefa91ecf2e198923bfcc41f116c0de42ce869cb
  md5: 5600ae1b88144099572939e773f4b20b
  depends:
  - __osx >=11.0
  - libcxx >=19.1.7
  - libllvm19 >=19.1.7,<19.2.0a0
  license: Apache-2.0 WITH LLVM-exception
  license_family: Apache
  size: 14062741
  timestamp: 1767957389675
- conda: https://conda.anaconda.org/conda-forge/osx-arm64/libcurl-8.18.0-he38603e_0.conda
  sha256: 11c78b3e89bc332933386f0a11ac60d9200afb7a811b9e3bec98aef8d4a6389b
  md5: 36190179a799f3aee3c2d20a8a2b970d
  depends:
  - __osx >=11.0
  - krb5 >=1.21.3,<1.22.0a0
  - libnghttp2 >=1.67.0,<2.0a0
  - libssh2 >=1.11.1,<2.0a0
  - libzlib >=1.3.1,<2.0a0
  - openssl >=3.5.4,<4.0a0
  - zstd >=1.5.7,<1.6.0a0
  license: curl
  license_family: MIT
  size: 402681
  timestamp: 1767822693908
- conda: https://conda.anaconda.org/conda-forge/osx-arm64/libcxx-21.1.8-h55c6f16_2.conda
  sha256: 5fbeb2fc2673f0455af6079abf93faaf27f11a92574ad51565fa1ecac9a4e2aa
  md5: 4cb5878bdb9ebfa65b7cdff5445087c5
  depends:
  - __osx >=11.0
  license: Apache-2.0 WITH LLVM-exception
  license_family: Apache
  size: 570068
  timestamp: 1770238262922
- conda: https://conda.anaconda.org/conda-forge/osx-arm64/libcxx-devel-19.1.7-h6dc3340_2.conda
  sha256: ec07ebaa226792f4e2bf0f5dba50325632a7474d5f04b951d8291be70af215da
  md5: 9f7810b7c0a731dbc84d46d6005890ef
  depends:
  - libcxx >=19.1.7
  - libcxx-headers >=19.1.7,<19.1.8.0a0
  license: Apache-2.0 WITH LLVM-exception
  license_family: Apache
  size: 23000
  timestamp: 1764648270121
- conda: https://conda.anaconda.org/conda-forge/noarch/libcxx-headers-19.1.7-h707e725_2.conda
  sha256: 36485e6807e03a4f15a8018ec982457a9de0a1318b4b49a44c5da75849dbe24f
  md5: de91b5ce46dc7968b6e311f9add055a2
  depends:
  - __unix
  constrains:
  - libcxx-devel 19.1.7
  license: Apache-2.0 WITH LLVM-exception
  license_family: Apache
  size: 830747
  timestamp: 1764647922410
- conda: https://conda.anaconda.org/conda-forge/osx-arm64/libduckdb-1.4.4-h067f6b4_3.conda
  sha256: e1462967949618dbbbbd8c646fa31b3d65d490f03a0dc31f5672e4594458fd2f
  md5: 060d75d37b76e12b1f428a9412aef826
  depends:
  - __osx >=11.0
  - icu >=78.2,<79.0a0
  - libcxx >=19
  - openssl >=3.5.5,<4.0a0
  license: MIT
  license_family: MIT
  size: 9064642
  timestamp: 1770666990353
- conda: https://conda.anaconda.org/conda-forge/osx-arm64/libduckdb-devel-1.4.4-hf6b4638_3.conda
  sha256: 004092bf83d8467110e2d4e01f22a13bce31642b65c5bc08b453032330fedcf1
  md5: 3102991e390972b811b39cb0e6c0987d
  depends:
  - __osx >=11.0
  - libcxx >=19
  - libduckdb 1.4.4 h067f6b4_3
  license: MIT
  license_family: MIT
  size: 753732
  timestamp: 1770667354901
- conda: https://conda.anaconda.org/conda-forge/osx-arm64/libedit-3.1.20250104-pl5321hafb1f1b_0.conda
  sha256: 66aa216a403de0bb0c1340a88d1a06adaff66bae2cfd196731aa24db9859d631
  md5: 44083d2d2c2025afca315c7a172eab2b
  depends:
  - ncurses
  - __osx >=11.0
  - ncurses >=6.5,<7.0a0
  license: BSD-2-Clause
  license_family: BSD
  size: 107691
  timestamp: 1738479560845
- conda: https://conda.anaconda.org/conda-forge/osx-arm64/libev-4.33-h93a5062_2.conda
  sha256: 95cecb3902fbe0399c3a7e67a5bed1db813e5ab0e22f4023a5e0f722f2cc214f
  md5: 36d33e440c31857372a72137f78bacf5
  license: BSD-2-Clause
  license_family: BSD
  size: 107458
  timestamp: 1702146414478
- conda: https://conda.anaconda.org/conda-forge/osx-arm64/libexpat-2.7.3-haf25636_0.conda
  sha256: fce22610ecc95e6d149e42a42fbc3cc9d9179bd4eb6232639a60f06e080eec98
  md5: b79875dbb5b1db9a4a22a4520f918e1a
  depends:
  - __osx >=11.0
  constrains:
  - expat 2.7.3.*
  license: MIT
  license_family: MIT
  size: 67800
  timestamp: 1763549994166
- conda: https://conda.anaconda.org/conda-forge/osx-arm64/libiconv-1.18-h23cfdf5_2.conda
  sha256: de0336e800b2af9a40bdd694b03870ac4a848161b35c8a2325704f123f185f03
  md5: 4d5a7445f0b25b6a3ddbb56e790f5251
  depends:
  - __osx >=11.0
  license: LGPL-2.1-only
  size: 750379
  timestamp: 1754909073836
- conda: https://conda.anaconda.org/conda-forge/osx-arm64/libintl-0.25.1-h493aca8_0.conda
  sha256: 99d2cebcd8f84961b86784451b010f5f0a795ed1c08f1e7c76fbb3c22abf021a
  md5: 5103f6a6b210a3912faf8d7db516918c
  depends:
  - __osx >=11.0
  - libiconv >=1.18,<2.0a0
  license: LGPL-2.1-or-later
  size: 90957
  timestamp: 1751558394144
- conda: https://conda.anaconda.org/conda-forge/osx-arm64/libllvm19-19.1.7-h8e0c9ce_2.conda
  sha256: 46f8ff3d86438c0af1bebe0c18261ce5de9878d58b4fe399a3a125670e4f0af5
  md5: d1d9b233830f6631800acc1e081a9444
  depends:
  - __osx >=11.0
  - libcxx >=19
  - libxml2
  - libxml2-16 >=2.14.5
  - libzlib >=1.3.1,<2.0a0
  - zstd >=1.5.7,<1.6.0a0
  license: Apache-2.0 WITH LLVM-exception
  license_family: Apache
  size: 26914852
  timestamp: 1757353228286
- conda: https://conda.anaconda.org/conda-forge/osx-arm64/liblzma-5.8.2-h8088a28_0.conda
  sha256: 7bfc7ffb2d6a9629357a70d4eadeadb6f88fa26ebc28f606b1c1e5e5ed99dc7e
  md5: 009f0d956d7bfb00de86901d16e486c7
  depends:
  - __osx >=11.0
  constrains:
  - xz 5.8.2.*
  license: 0BSD
  size: 92242
  timestamp: 1768752982486
- conda: https://conda.anaconda.org/conda-forge/osx-arm64/libnghttp2-1.67.0-hc438710_0.conda
  sha256: a07cb53b5ffa2d5a18afc6fd5a526a5a53dd9523fbc022148bd2f9395697c46d
  md5: a4b4dd73c67df470d091312ab87bf6ae
  depends:
  - __osx >=11.0
  - c-ares >=1.34.5,<2.0a0
  - libcxx >=19
  - libev >=4.33,<4.34.0a0
  - libev >=4.33,<5.0a0
  - libzlib >=1.3.1,<2.0a0
  - openssl >=3.5.2,<4.0a0
  license: MIT
  license_family: MIT
  size: 575454
  timestamp: 1756835746393
- conda: https://conda.anaconda.org/conda-forge/osx-arm64/libsigtool-0.1.3-h98dc951_0.conda
  sha256: 421f7bd7caaa945d9cd5d374cc3f01e75637ca7372a32d5e7695c825a48a30d1
  md5: c08557d00807785decafb932b5be7ef5
  depends:
  - __osx >=11.0
  - openssl >=3.5.4,<4.0a0
  license: MIT
  license_family: MIT
  size: 36416
  timestamp: 1767045062496
- conda: https://conda.anaconda.org/conda-forge/osx-arm64/libssh2-1.11.1-h1590b86_0.conda
  sha256: 8bfe837221390ffc6f111ecca24fa12d4a6325da0c8d131333d63d6c37f27e0a
  md5: b68e8f66b94b44aaa8de4583d3d4cc40
  depends:
  - libzlib >=1.3.1,<2.0a0
  - openssl >=3.5.0,<4.0a0
  license: BSD-3-Clause
  license_family: BSD
  size: 279193
  timestamp: 1745608793272
- conda: https://conda.anaconda.org/conda-forge/osx-arm64/libuv-1.51.0-h6caf38d_1.conda
  sha256: 042c7488ad97a5629ec0a991a8b2a3345599401ecc75ad6a5af73b60e6db9689
  md5: c0d87c3c8e075daf1daf6c31b53e8083
  depends:
  - __osx >=11.0
  license: MIT
  license_family: MIT
  size: 421195
  timestamp: 1753948426421
- conda: https://conda.anaconda.org/conda-forge/osx-arm64/libxml2-2.15.1-h8d039ee_1.conda
  sha256: 59f96fa27cce6a9a27414c5bb301eedda1a1b85cd0d8f5d68f77e46b86e7c95f
  md5: fd804ee851e20faca4fecc7df0901d07
  depends:
  - __osx >=11.0
  - icu >=78.1,<79.0a0
  - libiconv >=1.18,<2.0a0
  - liblzma >=5.8.1,<6.0a0
  - libxml2-16 2.15.1 h5ef1a60_1
  - libzlib >=1.3.1,<2.0a0
  license: MIT
  license_family: MIT
  size: 40607
  timestamp: 1766327501392
- conda: https://conda.anaconda.org/conda-forge/osx-arm64/libxml2-16-2.15.1-h5ef1a60_1.conda
  sha256: 2d5ab15113b0ba21f4656d387d26ab59e4fbaf3027f5e58a2a4fe370821eb106
  md5: 7eed1026708e26ee512f43a04d9d0027
  depends:
  - __osx >=11.0
  - icu >=78.1,<79.0a0
  - libiconv >=1.18,<2.0a0
  - liblzma >=5.8.1,<6.0a0
  - libzlib >=1.3.1,<2.0a0
  constrains:
  - libxml2 2.15.1
  license: MIT
  license_family: MIT
  size: 464886
  timestamp: 1766327479416
- conda: https://conda.anaconda.org/conda-forge/osx-arm64/libzlib-1.3.1-h8359307_2.conda
  sha256: ce34669eadaba351cd54910743e6a2261b67009624dbc7daeeafdef93616711b
  md5: 369964e85dc26bfe78f41399b366c435
  depends:
  - __osx >=11.0
  constrains:
  - zlib 1.3.1 *_2
  license: Zlib
  license_family: Other
  size: 46438
  timestamp: 1727963202283
- conda: https://conda.anaconda.org/conda-forge/osx-arm64/llvm-openmp-21.1.8-h4a912ad_0.conda
  sha256: 56bcd20a0a44ddd143b6ce605700fdf876bcf5c509adc50bf27e76673407a070
  md5: 206ad2df1b5550526e386087bef543c7
  depends:
  - __osx >=11.0
  constrains:
  - openmp 21.1.8|21.1.8.*
  - intel-openmp <0.0a0
  license: Apache-2.0 WITH LLVM-exception
  license_family: APACHE
  size: 285974
  timestamp: 1765964756583
- conda: https://conda.anaconda.org/conda-forge/osx-arm64/llvm-tools-19.1.7-h855ad52_2.conda
  sha256: 09750c33b5d694c494cad9eafda56c61a62622264173d760341b49fb001afe82
  md5: 3e3ac06efc5fdc1aa675ca30bf7d53df
  depends:
  - __osx >=11.0
  - libllvm19 19.1.7 h8e0c9ce_2
  - llvm-tools-19 19.1.7 h91fd4e7_2
  constrains:
  - llvm        19.1.7
  - llvmdev     19.1.7
  - clang-tools 19.1.7
  - clang       19.1.7
  license: Apache-2.0 WITH LLVM-exception
  license_family: Apache
  size: 88390
  timestamp: 1757353535760
- conda: https://conda.anaconda.org/conda-forge/osx-arm64/llvm-tools-19-19.1.7-h91fd4e7_2.conda
  sha256: 73f9506f7c32a448071340e73a0e8461e349082d63ecc4849e3eb2d1efc357dd
  md5: 8237b150fcd7baf65258eef9a0fc76ef
  depends:
  - __osx >=11.0
  - libcxx >=19
  - libllvm19 19.1.7 h8e0c9ce_2
  - libzlib >=1.3.1,<2.0a0
  - zstd >=1.5.7,<1.6.0a0
  license: Apache-2.0 WITH LLVM-exception
  license_family: Apache
  size: 16376095
  timestamp: 1757353442671
- conda: https://conda.anaconda.org/conda-forge/osx-arm64/ncurses-6.5-h5e97a16_3.conda
  sha256: 2827ada40e8d9ca69a153a45f7fd14f32b2ead7045d3bbb5d10964898fe65733
  md5: 068d497125e4bf8a66bf707254fff5ae
  depends:
  - __osx >=11.0
  license: X11 AND BSD-3-Clause
  size: 797030
  timestamp: 1738196177597
- conda: https://conda.anaconda.org/conda-forge/osx-arm64/ninja-1.13.2-h49c215f_0.conda
  sha256: 18d33c17b28d4771fc0b91b7b963c9ce31aca0a9af7dc8e9ee7c974bb207192c
  md5: 175809cc57b2c67f27a0f238bd7f069d
  depends:
  - __osx >=11.0
  - libcxx >=19
  license: Apache-2.0
  license_family: APACHE
  size: 164450
  timestamp: 1763688228613
- conda: https://conda.anaconda.org/conda-forge/osx-arm64/openssl-3.6.1-hd24854e_1.conda
  sha256: 361f5c5e60052abc12bdd1b50d7a1a43e6a6653aab99a2263bf2288d709dcf67
  md5: f4f6ad63f98f64191c3e77c5f5f29d76
  depends:
  - __osx >=11.0
  - ca-certificates
  license: Apache-2.0
  license_family: Apache
  size: 3104268
  timestamp: 1769556384749
- conda: https://conda.anaconda.org/conda-forge/osx-arm64/pcre2-10.47-h30297fc_0.conda
  sha256: 5e2e443f796f2fd92adf7978286a525fb768c34e12b1ee9ded4000a41b2894ba
  md5: 9b4190c4055435ca3502070186eba53a
  depends:
  - __osx >=11.0
  - bzip2 >=1.0.8,<2.0a0
  - libzlib >=1.3.1,<2.0a0
  license: BSD-3-Clause
  license_family: BSD
  size: 850231
  timestamp: 1763655726735
- conda: https://conda.anaconda.org/conda-forge/osx-arm64/perl-5.32.1-7_h4614cfb_perl5.conda
  build_number: 7
  sha256: b0c55040d2994fd6bf2f83786561d92f72306d982d6ea12889acad24a9bf43b8
  md5: ba3cbe93f99e896765422cc5f7c3a79e
  license: GPL-1.0-or-later OR Artistic-1.0-Perl
  size: 14439531
  timestamp: 1703311335652
- conda: https://conda.anaconda.org/conda-forge/osx-arm64/rhash-1.4.6-h5505292_1.conda
  sha256: f4957c05f4fbcd99577de8838ca4b5b1ae4b400a44be647a0159c14f85b9bfc0
  md5: 029e812c8ae4e0d4cf6ff4f7d8dc9366
  depends:
  - __osx >=11.0
  license: MIT
  license_family: MIT
  size: 185448
  timestamp: 1748645057503
- conda: https://conda.anaconda.org/conda-forge/noarch/sdkroot_env_osx-arm64-26.0-ha3f98da_6.conda
  sha256: cc38408f9a8beddf7c14188ec0e621f91eece4ba5e513c0361d25ba91d156d93
  md5: 4cd4e8d9e11f08dfba7b48f6b3eae8cb
  license: BSD-3-Clause
  license_family: BSD
  size: 4931
  timestamp: 1768922945029
- conda: https://conda.anaconda.org/conda-forge/osx-arm64/sigtool-codesign-0.1.3-h98dc951_0.conda
  sha256: f3d006e2441f110160a684744d90921bbedbffa247d7599d7e76b5cd048116dc
  md5: ade77ad7513177297b1d75e351e136ce
  depends:
  - __osx >=11.0
  - libsigtool 0.1.3 h98dc951_0
  - openssl >=3.5.4,<4.0a0
  license: MIT
  license_family: MIT
  size: 114331
  timestamp: 1767045086274
- conda: https://conda.anaconda.org/conda-forge/osx-arm64/tapi-1600.0.11.8-h997e182_0.conda
  sha256: dcb678fa77f448fa981bf3783902afe09b8838436f3092e9ecaf6a718c87f642
  md5: 347261d575a245cb6111fb2cb5a79fc7
  depends:
  - libcxx >=19.0.0.a0
  - __osx >=11.0
  - ncurses >=6.5,<7.0a0
  license: NCSA
  size: 199699
  timestamp: 1762535277608
- conda: https://conda.anaconda.org/conda-forge/osx-arm64/zstd-1.5.7-hbf9d68e_6.conda
  sha256: 9485ba49e8f47d2b597dd399e88f4802e100851b27c21d7525625b0b4025a5d9
  md5: ab136e4c34e97f34fb621d2592a393d8
  depends:
  - __osx >=11.0
  - libzlib >=1.3.1,<2.0a0
  license: BSD-3-Clause
  license_family: BSD
  size: 433413
  timestamp: 1764777166076
